
Microsoft Visual Studio Solution File, Format Version 12.00
# Visual Studio Version 16
VisualStudioVersion = 16.0.30011.22
MinimumVisualStudioVersion = 10.0.40219.1
Project("{8BC9CEB8-8B4A-11D0-8D11-00A0C91BC942}") = "ba5_1", "ba5_1\ba5_1.vcxproj", "{A4CB355D-BD97-454C-9F3A-786A30314741}"
EndProject
Project("{8BC9CEB8-8B4A-11D0-8D11-00A0C91BC942}") = "lab5_2", "lab5_2\lab5_2.vcxproj", "{4A40C1A7-53A9-4B0A-A413-E7BECFC5212E}"
EndProject
Project("{8BC9CEB8-8B4A-11D0-8D11-00A0C91BC942}") = "lab5_3", "lab5_3\lab5_3.vcxproj", "{1580205F-C3A6-4015-8701-22B9A6BBE390}"
EndProject
Global
	GlobalSection(SolutionConfigurationPlatforms) = preSolution
		Debug|x64 = Debug|x64
		Debug|x86 = Debug|x86
		Release|x64 = Release|x64
		Release|x86 = Release|x86
	EndGlobalSection
	GlobalSection(ProjectConfigurationPlatforms) = postSolution
		{A4CB355D-BD97-454C-9F3A-786A30314741}.Debug|x64.ActiveCfg = Debug|x64
		{A4CB355D-BD97-454C-9F3A-786A30314741}.Debug|x64.Build.0 = Debug|x64
		{A4CB355D-BD97-454C-9F3A-786A30314741}.Debug|x86.ActiveCfg = Debug|Win32
		{A4CB355D-BD97-454C-9F3A-786A30314741}.Debug|x86.Build.0 = Debug|Win32
		{A4CB355D-BD97-454C-9F3A-786A30314741}.Release|x64.ActiveCfg = Release|x64
		{A4CB355D-BD97-454C-9F3A-786A30314741}.Release|x64.Build.0 = Release|x64
		{A4CB355D-BD97-454C-9F3A-786A30314741}.Release|x86.ActiveCfg = Release|Win32
		{A4CB355D-BD97-454C-9F3A-786A30314741}.Release|x86.Build.0 = Release|Win32
		{4A40C1A7-53A9-4B0A-A413-E7BECFC5212E}.Debug|x64.ActiveCfg = Debug|x64
		{4A40C1A7-53A9-4B0A-A413-E7BECFC5212E}.Debug|x64.Build.0 = Debug|x64
		{4A40C1A7-53A9-4B0A-A413-E7BECFC5212E}.Debug|x86.ActiveCfg = Debug|Win32
		{4A40C1A7-53A9-4B0A-A413-E7BECFC5212E}.Debug|x86.Build.0 = Debug|Win32
		{4A40C1A7-53A9-4B0A-A413-E7BECFC5212E}.Release|x64.ActiveCfg = Release|x64
		{4A40C1A7-53A9-4B0A-A413-E7BECFC5212E}.Release|x64.Build.0 = Release|x64
		{4A40C1A7-53A9-4B0A-A413-E7BECFC5212E}.Release|x86.ActiveCfg = Release|Win32
		{4A40C1A7-53A9-4B0A-A413-E7BECFC5212E}.Release|x86.Build.0 = Release|Win32
		{1580205F-C3A6-4015-8701-22B9A6BBE390}.Debug|x64.ActiveCfg = Debug|x64
		{1580205F-C3A6-4015-8701-22B9A6BBE390}.Debug|x64.Build.0 = Debug|x64
		{1580205F-C3A6-4015-8701-22B9A6BBE390}.Debug|x86.ActiveCfg = Debug|Win32
		{1580205F-C3A6-4015-8701-22B9A6BBE390}.Debug|x86.Build.0 = Debug|Win32
		{1580205F-C3A6-4015-8701-22B9A6BBE390}.Release|x64.ActiveCfg = Release|x64
		{1580205F-C3A6-4015-8701-22B9A6BBE390}.Release|x64.Build.0 = Release|x64
		{1580205F-C3A6-4015-8701-22B9A6BBE390}.Release|x86.ActiveCfg = Release|Win32
		{1580205F-C3A6-4015-8701-22B9A6BBE390}.Release|x86.Build.0 = Release|Win32
	EndGlobalSection
	GlobalSection(SolutionProperties) = preSolution
		HideSolutionNode = FALSE
	EndGlobalSection
	GlobalSection(ExtensibilityGlobals) = postSolution
		SolutionGuid = {8927ABBD-2490-4E4F-B944-B16AE14518D1}
	EndGlobalSection
EndGlobal
